
Microsoft Visual Studio Solution File, Format Version 12.00
# Visual Studio 2013
VisualStudioVersion = 12.0.31101.0
MinimumVisualStudioVersion = 10.0.40219.1
Project("{FAE04EC0-301F-11D3-BF4B-00C04F79EFBC}") = "SinglePageApplicationKaroliny", "SinglePageApplicationKaroliny\SinglePageApplicationKaroliny.csproj", "{264952D2-4C98-4206-AA8C-D0B0B178C8F1}"
EndProject
Project("{FAE04EC0-301F-11D3-BF4B-00C04F79EFBC}") = "SinglePageApplicationKaroliny.Tests", "SinglePageApplicationKaroliny.Tests\SinglePageApplicationKaroliny.Tests.csproj", "{06A2D375-758F-4DE5-91D9-B41D7A479630}"
EndProject
Project("{2150E333-8FDC-42A3-9474-1A3956D46DE8}") = "PublishScripts", "PublishScripts", "{180D84BB-4A66-44A2-A0CC-2F7F1257AC11}"
	ProjectSection(SolutionItems) = preProject
		PublishScripts\AzureWebsitePublishModule.psm1 = PublishScripts\AzureWebsitePublishModule.psm1
		PublishScripts\Publish-WebApplicationWebsite.ps1 = PublishScripts\Publish-WebApplicationWebsite.ps1
	EndProjectSection
EndProject
Project("{2150E333-8FDC-42A3-9474-1A3956D46DE8}") = "Configurations", "Configurations", "{B023BFDE-A772-45CF-8483-3C6BB0B09238}"
	ProjectSection(SolutionItems) = preProject
		PublishScripts\Configurations\SinglePageApplicationKaroliny-WAWS-dev.json = PublishScripts\Configurations\SinglePageApplicationKaroliny-WAWS-dev.json
	EndProjectSection
EndProject
Project("{2150E333-8FDC-42A3-9474-1A3956D46DE8}") = ".nuget", ".nuget", "{ECD81A8E-1EEA-4F05-BB15-0FCC1E3B0DEA}"
	ProjectSection(SolutionItems) = preProject
		.nuget\NuGet.Config = .nuget\NuGet.Config
		.nuget\NuGet.exe = .nuget\NuGet.exe
		.nuget\NuGet.targets = .nuget\NuGet.targets
	EndProjectSection
EndProject
Global
	GlobalSection(SolutionConfigurationPlatforms) = preSolution
		Debug|Any CPU = Debug|Any CPU
		Release|Any CPU = Release|Any CPU
	EndGlobalSection
	GlobalSection(ProjectConfigurationPlatforms) = postSolution
		{264952D2-4C98-4206-AA8C-D0B0B178C8F1}.Debug|Any CPU.ActiveCfg = Debug|Any CPU
		{264952D2-4C98-4206-AA8C-D0B0B178C8F1}.Debug|Any CPU.Build.0 = Debug|Any CPU
		{264952D2-4C98-4206-AA8C-D0B0B178C8F1}.Release|Any CPU.ActiveCfg = Release|Any CPU
		{264952D2-4C98-4206-AA8C-D0B0B178C8F1}.Release|Any CPU.Build.0 = Release|Any CPU
		{06A2D375-758F-4DE5-91D9-B41D7A479630}.Debug|Any CPU.ActiveCfg = Debug|Any CPU
		{06A2D375-758F-4DE5-91D9-B41D7A479630}.Debug|Any CPU.Build.0 = Debug|Any CPU
		{06A2D375-758F-4DE5-91D9-B41D7A479630}.Release|Any CPU.ActiveCfg = Release|Any CPU
		{06A2D375-758F-4DE5-91D9-B41D7A479630}.Release|Any CPU.Build.0 = Release|Any CPU
	EndGlobalSection
	GlobalSection(SolutionProperties) = preSolution
		HideSolutionNode = FALSE
	EndGlobalSection
	GlobalSection(NestedProjects) = preSolution
		{B023BFDE-A772-45CF-8483-3C6BB0B09238} = {180D84BB-4A66-44A2-A0CC-2F7F1257AC11}
	EndGlobalSection
EndGlobal
